// !$*UTF8*$!
{
	archiveVersion = 1;
	classes = {
	};
	objectVersion = 50;
	objects = {

/* Begin PBXBuildFile section */
		89AA9CE52484E78300B2E763 /* AppDelegate.swift in Sources */ = {isa = PBXBuildFile; fileRef = 89AA9CE42484E78300B2E763 /* AppDelegate.swift */; };
		89AA9CE72484E78300B2E763 /* SceneDelegate.swift in Sources */ = {isa = PBXBuildFile; fileRef = 89AA9CE62484E78300B2E763 /* SceneDelegate.swift */; };
		89AA9CE92484E78300B2E763 /* ViewController.swift in Sources */ = {isa = PBXBuildFile; fileRef = 89AA9CE82484E78300B2E763 /* ViewController.swift */; };
		89AA9CEC2484E78300B2E763 /* Main.storyboard in Resources */ = {isa = PBXBuildFile; fileRef = 89AA9CEA2484E78300B2E763 /* Main.storyboard */; };
		89AA9CEE2484E78400B2E763 /* Assets.xcassets in Resources */ = {isa = PBXBuildFile; fileRef = 89AA9CED2484E78400B2E763 /* Assets.xcassets */; };
		89AA9CF12484E78400B2E763 /* LaunchScreen.storyboard in Resources */ = {isa = PBXBuildFile; fileRef = 89AA9CEF2484E78400B2E763 /* LaunchScreen.storyboard */; };
/* End PBXBuildFile section */

/* Begin PBXFileReference section */
		89AA9CE12484E78300B2E763 /* ColorMix.app */ = {isa = PBXFileReference; explicitFileType = wrapper.application; includeInIndex = 0; path = ColorMix.app; sourceTree = BUILT_PRODUCTS_DIR; };
		89AA9CE42484E78300B2E763 /* AppDelegate.swift */ = {isa = PBXFileReference; lastKnownFileType = sourcecode.swift; path = AppDelegate.swift; sourceTree = "<group>"; };
		89AA9CE62484E78300B2E763 /* SceneDelegate.swift */ = {isa = PBXFileReference; lastKnownFileType = sourcecode.swift; path = SceneDelegate.swift; sourceTree = "<group>"; };
		89AA9CE82484E78300B2E763 /* ViewController.swift */ = {isa = PBXFileReference; lastKnownFileType = sourcecode.swift; path = ViewController.swift; sourceTree = "<group>"; };
		89AA9CEB2484E78300B2E763 /* Base */ = {isa = PBXFileReference; lastKnownFileType = file.storyboard; name = Base; path = Base.lproj/Main.storyboard; sourceTree = "<group>"; };
		89AA9CED2484E78400B2E763 /* Assets.xcassets */ = {isa = PBXFileReference; lastKnownFileType = folder.assetcatalog; path = Assets.xcassets; sourceTree = "<group>"; };
		89AA9CF02484E78400B2E763 /* Base */ = {isa = PBXFileReference; lastKnownFileType = file.storyboard; name = Base; path = Base.lproj/LaunchScreen.storyboard; sourceTree = "<group>"; };
		89AA9CF22484E78400B2E763 /* Info.plist */ = {isa = PBXFileReference; lastKnownFileType = text.plist.xml; path = Info.plist; sourceTree = "<group>"; };
/* End PBXFileReference section */

/* Begin PBXFrameworksBuildPhase section */
		89AA9CDE2484E78300B2E763 /* Frameworks */ = {
			isa = PBXFrameworksBuildPhase;
			buildActionMask = 2147483647;
			files = (
			);
			runOnlyForDeploymentPostprocessing = 0;
		};
/* End PBXFrameworksBuildPhase section */

/* Begin PBXGroup section */
		89AA9CD82484E78300B2E763 = {
			isa = PBXGroup;
			children = (
				89AA9CE32484E78300B2E763 /* ColorMix */,
				89AA9CE22484E78300B2E763 /* Products */,
			);
			sourceTree = "<group>";
		};
		89AA9CE22484E78300B2E763 /* Products */ = {
			isa = PBXGroup;
			children = (
				89AA9CE12484E78300B2E763 /* ColorMix.app */,
			);
			name = Products;
			sourceTree = "<group>";
		};
		89AA9CE32484E78300B2E763 /* ColorMix */ = {
			isa = PBXGroup;
			children = (
				89AA9CE42484E78300B2E763 /* AppDelegate.swift */,
				89AA9CE62484E78300B2E763 /* SceneDelegate.swift */,
				89AA9CE82484E78300B2E763 /* ViewController.swift */,
				89AA9CEA2484E78300B2E763 /* Main.storyboard */,
				89AA9CED2484E78400B2E763 /* Assets.xcassets */,
				89AA9CEF2484E78400B2E763 /* LaunchScreen.storyboard */,
				89AA9CF22484E78400B2E763 /* Info.plist */,
			);
			path = ColorMix;
			sourceTree = "<group>";
		};
/* End PBXGroup section */

/* Begin PBXNativeTarget section */
		89AA9CE02484E78300B2E763 /* ColorMix */ = {
			isa = PBXNativeTarget;
			buildConfigurationList = 89AA9CF52484E78400B2E763 /* Build configuration list for PBXNativeTarget "ColorMix" */;
			buildPhases = (
				89AA9CDD2484E78300B2E763 /* Sources */,
				89AA9CDE2484E78300B2E763 /* Frameworks */,
				89AA9CDF2484E78300B2E763 /* Resources */,
			);
			buildRules = (
			);
			dependencies = (
			);
			name = ColorMix;
			productName = ColorMix;
			productReference = 89AA9CE12484E78300B2E763 /* ColorMix.app */;
			productType = "com.apple.product-type.application";
		};
/* End PBXNativeTarget section */

/* Begin PBXProject section */
		89AA9CD92484E78300B2E763 /* Project object */ = {
			isa = PBXProject;
			attributes = {
				LastSwiftUpdateCheck = 1150;
				LastUpgradeCheck = 1150;
				ORGANIZATIONNAME = "Дубынин Семён";
				TargetAttributes = {
					89AA9CE02484E78300B2E763 = {
						CreatedOnToolsVersion = 11.5;
					};
				};
			};
			buildConfigurationList = 89AA9CDC2484E78300B2E763 /* Build configuration list for PBXProject "ColorMix" */;
			compatibilityVersion = "Xcode 9.3";
			developmentRegion = en;
			hasScannedForEncodings = 0;
			knownRegions = (
				en,
				Base,
			);
			mainGroup = 89AA9CD82484E78300B2E763;
			productRefGroup = 89AA9CE22484E78300B2E763 /* Products */;
			projectDirPath = "";
			projectRoot = "";
			targets = (
				89AA9CE02484E78300B2E763 /* ColorMix */,
			);
		};
/* End PBXProject section */

/* Begin PBXResourcesBuildPhase section */
		89AA9CDF2484E78300B2E763 /* Resources */ = {
			isa = PBXResourcesBuildPhase;
			buildActionMask = 2147483647;
			files = (
				89AA9CF12484E78400B2E763 /* LaunchScreen.storyboard in Resources */,
				89AA9CEE2484E78400B2E763 /* Assets.xcassets in Resources */,
				89AA9CEC2484E78300B2E763 /* Main.storyboard in Resources */,
			);
			runOnlyForDeploymentPostprocessing = 0;
		};
/* End PBXResourcesBuildPhase section */

/* Begin PBXSourcesBuildPhase section */
		89AA9CDD2484E78300B2E763 /* Sources */ = {
			isa = PBXSourcesBuildPhase;
			buildActionMask = 2147483647;
			files = (
				89AA9CE92484E78300B2E763 /* ViewController.swift in Sources */,
				89AA9CE52484E78300B2E763 /* AppDelegate.swift in Sources */,
				89AA9CE72484E78300B2E763 /* SceneDelegate.swift in Sources */,
			);
			runOnlyForDeploymentPostprocessing = 0;
		};
/* End PBXSourcesBuildPhase section */

/* Begin PBXVariantGroup section */
		89AA9CEA2484E78300B2E763 /* Main.storyboard */ = {
			isa = PBXVariantGroup;
			children = (
				89AA9CEB2484E78300B2E763 /* Base */,
			);
			name = Main.storyboard;
			sourceTree = "<group>";
		};
		89AA9CEF2484E78400B2E763 /* LaunchScreen.storyboard */ = {
			isa = PBXVariantGroup;
			children = (
				89AA9CF02484E78400B2E763 /* Base */,
			);
			name = LaunchScreen.storyboard;
			sourceTree = "<group>";
		};
/* End PBXVariantGroup section */

/* Begin XCBuildConfiguration section */
		89AA9CF32484E78400B2E763 /* Debug */ = {
			isa = XCBuildConfiguration;
			buildSettings = {
				ALWAYS_SEARCH_USER_PATHS = NO;
				CLANG_ANALYZER_NONNULL = YES;
				CLANG_ANALYZER_NUMBER_OBJECT_CONVERSION = YES_AGGRESSIVE;
				CLANG_CXX_LANGUAGE_STANDARD = "gnu++14";
				CLANG_CXX_LIBRARY = "libc++";
				CLANG_ENABLE_MODULES = YES;
				CLANG_ENABLE_OBJC_ARC = YES;
				CLANG_ENABLE_OBJC_WEAK = YES;
				CLANG_WARN_BLOCK_CAPTURE_AUTORELEASING = YES;
				CLANG_WARN_BOOL_CONVERSION = YES;
				CLANG_WARN_COMMA = YES;
				CLANG_WARN_CONSTANT_CONVERSION = YES;
				CLANG_WARN_DEPRECATED_OBJC_IMPLEMENTATIONS = YES;
				CLANG_WARN_DIRECT_OBJC_ISA_USAGE = YES_ERROR;
				CLANG_WARN_DOCUMENTATION_COMMENTS = YES;
				CLANG_WARN_EMPTY_BODY = YES;
				CLANG_WARN_ENUM_CONVERSION = YES;
				CLANG_WARN_INFINITE_RECURSION = YES;
				CLANG_WARN_INT_CONVERSION = YES;
				CLANG_WARN_NON_LITERAL_NULL_CONVERSION = YES;
				CLANG_WARN_OBJC_IMPLICIT_RETAIN_SELF = YES;
				CLANG_WARN_OBJC_LITERAL_CONVERSION = YES;
				CLANG_WARN_OBJC_ROOT_CLASS = YES_ERROR;
				CLANG_WARN_RANGE_LOOP_ANALYSIS = YES;
				CLANG_WARN_STRICT_PROTOTYPES = YES;
				CLANG_WARN_SUSPICIOUS_MOVE = YES;
				CLANG_WARN_UNGUARDED_AVAILABILITY = YES_AGGRESSIVE;
				CLANG_WARN_UNREACHABLE_CODE = YES;
				CLANG_WARN__DUPLICATE_METHOD_MATCH = YES;
				COPY_PHASE_STRIP = NO;
				DEBUG_INFORMATION_FORMAT = dwarf;
				ENABLE_STRICT_OBJC_MSGSEND = YES;
				ENABLE_TESTABILITY = YES;
				GCC_C_LANGUAGE_STANDARD = gnu11;
				GCC_DYNAMIC_NO_PIC = NO;
				GCC_NO_COMMON_BLOCKS = YES;
				GCC_OPTIMIZATION_LEVEL = 0;
				GCC_PREPROCESSOR_DEFINITIONS = (
					"DEBUG=1",
					"$(inherited)",
				);
				GCC_WARN_64_TO_32_BIT_CONVERSION = YES;
				GCC_WARN_ABOUT_RETURN_TYPE = YES_ERROR;
				GCC_WARN_UNDECLARED_SELECTOR = YES;
				GCC_WARN_UNINITIALIZED_AUTOS = YES_AGGRESSIVE;
				GCC_WARN_UNUSED_FUNCTION = YES;
				GCC_WARN_UNUSED_VARIABLE = YES;
				IPHONEOS_DEPLOYMENT_TARGET = 13.5;
				MTL_ENABLE_DEBUG_INFO = INCLUDE_SOURCE;
				MTL_FAST_MATH = YES;
				ONLY_ACTIVE_ARCH = YES;
				SDKROOT = iphoneos;
				SWIFT_ACTIVE_COMPILATION_CONDITIONS = DEBUG;
				SWIFT_OPTIMIZATION_LEVEL = "-Onone";
			};
			name = Debug;
		};
		89AA9CF42484E78400B2E763 /* Release */ = {
			isa = XCBuildConfiguration;
			buildSettings = {
				ALWAYS_SEARCH_USER_PATHS = NO;
				CLANG_ANALYZER_NONNULL = YES;
				CLANG_ANALYZER_NUMBER_OBJECT_CONVERSION = YES_AGGRESSIVE;
				CLANG_CXX_LANGUAGE_STANDARD = "gnu++14";
				CLANG_CXX_LIBRARY = "libc++";
				CLANG_ENABLE_MODULES = YES;
				CLANG_ENABLE_OBJC_ARC = YES;
				CLANG_ENABLE_OBJC_WEAK = YES;
				CLANG_WARN_BLOCK_CAPTURE_AUTORELEASING = YES;
				CLANG_WARN_BOOL_CONVERSION = YES;
				CLANG_WARN_COMMA = YES;
				CLANG_WARN_CONSTANT_CONVERSION = YES;
				CLANG_WARN_DEPRECATED_OBJC_IMPLEMENTATIONS = YES;
				CLANG_WARN_DIRECT_OBJC_ISA_USAGE = YES_ERROR;
				CLANG_WARN_DOCUMENTATION_COMMENTS = YES;
				CLANG_WARN_EMPTY_BODY = YES;
				CLANG_WARN_ENUM_CONVERSION = YES;
				CLANG_WARN_INFINITE_RECURSION = YES;
				CLANG_WARN_INT_CONVERSION = YES;
				CLANG_WARN_NON_LITERAL_NULL_CONVERSION = YES;
				CLANG_WARN_OBJC_IMPLICIT_RETAIN_SELF = YES;
				CLANG_WARN_OBJC_LITERAL_CONVERSION = YES;
				CLANG_WARN_OBJC_ROOT_CLASS = YES_ERROR;
				CLANG_WARN_RANGE_LOOP_ANALYSIS = YES;
				CLANG_WARN_STRICT_PROTOTYPES = YES;
				CLANG_WARN_SUSPICIOUS_MOVE = YES;
				CLANG_WARN_UNGUARDED_AVAILABILITY = YES_AGGRESSIVE;
				CLANG_WARN_UNREACHABLE_CODE = YES;
				CLANG_WARN__DUPLICATE_METHOD_MATCH = YES;
				COPY_PHASE_STRIP = NO;
				DEBUG_INFORMATION_FORMAT = "dwarf-with-dsym";
				ENABLE_NS_ASSERTIONS = NO;
				ENABLE_STRICT_OBJC_MSGSEND = YES;
				GCC_C_LANGUAGE_STANDARD = gnu11;
				GCC_NO_COMMON_BLOCKS = YES;
				GCC_WARN_64_TO_32_BIT_CONVERSION = YES;
				GCC_WARN_ABOUT_RETURN_TYPE = YES_ERROR;
				GCC_WARN_UNDECLARED_SELECTOR = YES;
				GCC_WARN_UNINITIALIZED_AUTOS = YES_AGGRESSIVE;
				GCC_WARN_UNUSED_FUNCTION = YES;
				GCC_WARN_UNUSED_VARIABLE = YES;
				IPHONEOS_DEPLOYMENT_TARGET = 13.5;
				MTL_ENABLE_DEBUG_INFO = NO;
				MTL_FAST_MATH = YES;
				SDKROOT = iphoneos;
				SWIFT_COMPILATION_MODE = wholemodule;
				SWIFT_OPTIMIZATION_LEVEL = "-O";
				VALIDATE_PRODUCT = YES;
			};
			name = Release;
		};
		89AA9CF62484E78400B2E763 /* Debug */ = {
			isa = XCBuildConfiguration;
			buildSettings = {
				ASSETCATALOG_COMPILER_APPICON_NAME = AppIcon;
				CODE_SIGN_STYLE = Automatic;
				DEVELOPMENT_TEAM = 27ZR832B64;
				INFOPLIST_FILE = ColorMix/Info.plist;
				LD_RUNPATH_SEARCH_PATHS = (
					"$(inherited)",
					"@executable_path/Frameworks",
				);
				PRODUCT_BUNDLE_IDENTIFIER = SD.ColorMix;
				PRODUCT_NAME = "$(TARGET_NAME)";
				SWIFT_VERSION = 5.0;
				TARGETED_DEVICE_FAMILY = "1,2";
			};
			name = Debug;
		};
		89AA9CF72484E78400B2E763 /* Release */ = {
			isa = XCBuildConfiguration;
			buildSettings = {
				ASSETCATALOG_COMPILER_APPICON_NAME = AppIcon;
				CODE_SIGN_STYLE = Automatic;
				DEVELOPMENT_TEAM = 27ZR832B64;
				INFOPLIST_FILE = ColorMix/Info.plist;
				LD_RUNPATH_SEARCH_PATHS = (
					"$(inherited)",
					"@executable_path/Frameworks",
				);
				PRODUCT_BUNDLE_IDENTIFIER = SD.ColorMix;
				PRODUCT_NAME = "$(TARGET_NAME)";
				SWIFT_VERSION = 5.0;
				TARGETED_DEVICE_FAMILY = "1,2";
			};
			name = Release;
		};
/* End XCBuildConfiguration section */

/* Begin XCConfigurationList section */
		89AA9CDC2484E78300B2E763 /* Build configuration list for PBXProject "ColorMix" */ = {
			isa = XCConfigurationList;
			buildConfigurations = (
				89AA9CF32484E78400B2E763 /* Debug */,
				89AA9CF42484E78400B2E763 /* Release */,
			);
			defaultConfigurationIsVisible = 0;
			defaultConfigurationName = Release;
		};
		89AA9CF52484E78400B2E763 /* Build configuration list for PBXNativeTarget "ColorMix" */ = {
			isa = XCConfigurationList;
			buildConfigurations = (
				89AA9CF62484E78400B2E763 /* Debug */,
				89AA9CF72484E78400B2E763 /* Release */,
			);
			defaultConfigurationIsVisible = 0;
			defaultConfigurationName = Release;
		};
/* End XCConfigurationList section */
	};
	rootObject = 89AA9CD92484E78300B2E763 /* Project object */;
}
